
Microsoft Visual Studio Solution File, Format Version 12.00
# Visual Studio 15
VisualStudioVersion = 15.0.27428.2043
MinimumVisualStudioVersion = 10.0.40219.1
Project("{FAE04EC0-301F-11D3-BF4B-00C04F79EFBC}") = "BinaryReader_Example", "BinaryReader_Example\BinaryReader_Example.csproj", "{2E4A96B9-AF2C-4BF7-BEC4-64341A0C194C}"
EndProject
Global
	GlobalSection(SolutionConfigurationPlatforms) = preSolution
		Debug|Any CPU = Debug|Any CPU
		Release|Any CPU = Release|Any CPU
	EndGlobalSection
	GlobalSection(ProjectConfigurationPlatforms) = postSolution
		{2E4A96B9-AF2C-4BF7-BEC4-64341A0C194C}.Debug|Any CPU.ActiveCfg = Debug|Any CPU
		{2E4A96B9-AF2C-4BF7-BEC4-64341A0C194C}.Debug|Any CPU.Build.0 = Debug|Any CPU
		{2E4A96B9-AF2C-4BF7-BEC4-64341A0C194C}.Release|Any CPU.ActiveCfg = Release|Any CPU
		{2E4A96B9-AF2C-4BF7-BEC4-64341A0C194C}.Release|Any CPU.Build.0 = Release|Any CPU
	EndGlobalSection
	GlobalSection(SolutionProperties) = preSolution
		HideSolutionNode = FALSE
	EndGlobalSection
	GlobalSection(ExtensibilityGlobals) = postSolution
		SolutionGuid = {B5977BFD-F88C-4131-85D8-721021201D5E}
	EndGlobalSection
EndGlobal
