
Microsoft Visual Studio Solution File, Format Version 12.00
# Visual Studio 15
VisualStudioVersion = 15.0.27428.2043
MinimumVisualStudioVersion = 10.0.40219.1
Project("{FAE04EC0-301F-11D3-BF4B-00C04F79EFBC}") = "FileInfo_Example", "FileInfo_Example\FileInfo_Example.csproj", "{F77A7BA4-6977-4073-AAAE-A40567E2F177}"
EndProject
Global
	GlobalSection(SolutionConfigurationPlatforms) = preSolution
		Debug|Any CPU = Debug|Any CPU
		Release|Any CPU = Release|Any CPU
	EndGlobalSection
	GlobalSection(ProjectConfigurationPlatforms) = postSolution
		{F77A7BA4-6977-4073-AAAE-A40567E2F177}.Debug|Any CPU.ActiveCfg = Debug|Any CPU
		{F77A7BA4-6977-4073-AAAE-A40567E2F177}.Debug|Any CPU.Build.0 = Debug|Any CPU
		{F77A7BA4-6977-4073-AAAE-A40567E2F177}.Release|Any CPU.ActiveCfg = Release|Any CPU
		{F77A7BA4-6977-4073-AAAE-A40567E2F177}.Release|Any CPU.Build.0 = Release|Any CPU
	EndGlobalSection
	GlobalSection(SolutionProperties) = preSolution
		HideSolutionNode = FALSE
	EndGlobalSection
	GlobalSection(ExtensibilityGlobals) = postSolution
		SolutionGuid = {E87B4248-7558-45F6-8DC7-01C52C7151BC}
	EndGlobalSection
EndGlobal
