
Microsoft Visual Studio Solution File, Format Version 12.00
# Visual Studio 15
VisualStudioVersion = 15.0.27428.2043
MinimumVisualStudioVersion = 10.0.40219.1
Project("{FAE04EC0-301F-11D3-BF4B-00C04F79EFBC}") = "FileStream_Example", "FileStream_Example\FileStream_Example.csproj", "{F090326C-5F65-4949-B306-9E358BF31DDD}"
EndProject
Global
	GlobalSection(SolutionConfigurationPlatforms) = preSolution
		Debug|Any CPU = Debug|Any CPU
		Release|Any CPU = Release|Any CPU
	EndGlobalSection
	GlobalSection(ProjectConfigurationPlatforms) = postSolution
		{F090326C-5F65-4949-B306-9E358BF31DDD}.Debug|Any CPU.ActiveCfg = Debug|Any CPU
		{F090326C-5F65-4949-B306-9E358BF31DDD}.Debug|Any CPU.Build.0 = Debug|Any CPU
		{F090326C-5F65-4949-B306-9E358BF31DDD}.Release|Any CPU.ActiveCfg = Release|Any CPU
		{F090326C-5F65-4949-B306-9E358BF31DDD}.Release|Any CPU.Build.0 = Release|Any CPU
	EndGlobalSection
	GlobalSection(SolutionProperties) = preSolution
		HideSolutionNode = FALSE
	EndGlobalSection
	GlobalSection(ExtensibilityGlobals) = postSolution
		SolutionGuid = {CC97F623-D790-47CD-AB3C-19611BF20275}
	EndGlobalSection
EndGlobal
